version = 1
revision = 3
requires-python = "==3.12.*"
resolution-markers = [
    "platform_machine == 'x86_64' and sys_platform == 'linux'",
]
supported-markers = [
    "platform_machine == 'x86_64' and sys_platform == 'linux'",
]

[[package]]
name = "cuda-pathfinder"
version = "1.8.3"
source = { registry = "https://pypi.org/simple" }
wheels = [
    { url = "https://files.pythonhosted.org/packages/b9/fb/f8e1890428f9f590b4beebd63b068aac1ce32a3331510c847b9f9a78f261/cuda_pathfinder-1.8.3-py3-none-any.whl", hash = "sha256:e29e59829c297a7a5233bd9cc71094fc5bddbd076951482670178f9eade39b1f", size = 62561, upload-time = "2026-10-02T03:20:23.712Z" },
]

[[package]]
name = "cupy"
version = "14.2.0"
source = { registry = "https://pypi.org/simple" }
dependencies = [
    { name = "cuda-pathfinder" },
    { name = "numpy" },
]
sdist = { url = "https://files.pythonhosted.org/packages/dc/10/059a92d40b161ea24607c9e41a75098812ca7021f2b565524f87beba15c9/cupy-14.2.0.tar.gz", hash = "sha256:cfed725e612178cfbdbf62f4a3a598b60edecbbca718c0d4580c21a16ae4a62c", size = 4057114, upload-time = "2026-08-20T02:42:12.036Z" }

[[package]]
name = "flydsl"
version = "0.3.2"
source = { registry = "https://pypi.org/simple" }
wheels = [
    { url = "https://files.pythonhosted.org/packages/e9/49/3889023a896d285a13b9756f82f7f5aeaa08aa5a00e3ee3e96a66c2b3ce4/flydsl-0.3.2-cp312-cp312-manylinux_2_27_x86_64.whl", hash = "sha256:aeb32115bb3c3f6f779354c17a9cb1f21fe49335be13d149d47ac39da12d2683", size = 76252969, upload-time = "2026-08-25T07:30:14.878Z" },
]

[[package]]
name = "numpy"
version = "2.2.6"
source = { registry = "https://pypi.org/simple" }
sdist = { url = "https://files.pythonhosted.org/packages/76/21/7d2a95e4bba9dc13d043ee156a356c0a8f0c6309dff6b21b4d71a073b8a8/numpy-2.2.6.tar.gz", hash = "sha256:e29554e2bef54a90aa5cc07da6ce955accb83f21ab5de01a62c8478897b264fd", size = 20276440, upload-time = "2025-05-17T22:38:04.611Z" }
wheels = [
    { url = "https://files.pythonhosted.org/packages/8c/3d/1e1db36cfd41f895d266b103df00ca5b3cbe965184df824dec5c08c6b803/numpy-2.2.6-cp312-cp312-manylinux_2_17_x86_64.manylinux2014_x86_64.whl", hash = "sha256:fd83c01228a688733f1ded5201c678f0c53ecc1006ffbc404db9f7a899ac6249", size = 16527618, upload-time = "2025-05-17T21:36:06.711Z" },
    { url = "https://files.pythonhosted.org/packages/b7/25/5761d832a81df431e260719ec45de696414266613c9ee268394dd5ad8236/numpy-2.2.6-cp312-cp312-musllinux_1_2_x86_64.whl", hash = "sha256:fe27749d33bb772c80dcd84ae7e8df2adc920ae8297400dabec45f0dedb3f6de", size = 18313783, upload-time = "2025-05-17T21:36:56.883Z" },
]

[[package]]
name = "sglang-image-extras"
version = "0"
source = { virtual = "." }
dependencies = [
    { name = "cupy" },
    { name = "flydsl" },
]

[package.metadata]
requires-dist = [
    { name = "cupy", specifier = "==14.2.0" },
    { name = "flydsl", specifier = "==0.3.2" },
]
